
Microsoft Visual Studio Solution File, Format Version 12.00
# Visual Studio 15
VisualStudioVersion = 15.0.28307.489
MinimumVisualStudioVersion = 10.0.40219.1
Project("{FAE04EC0-301F-11D3-BF4B-00C04F79EFBC}") = "WebSocketsTest", "WebSocketsTest\WebSocketsTest.csproj", "{28F3CFAF-A317-45C9-8576-6249AECEBF70}"
EndProject
Project("{FAE04EC0-301F-11D3-BF4B-00C04F79EFBC}") = "UdpClientTest", "UdpClientTest\UdpClientTest.csproj", "{B4BD33F0-57B1-447A-81F7-CC768276F3EF}"
EndProject
Project("{FAE04EC0-301F-11D3-BF4B-00C04F79EFBC}") = "TCPClient", "TCPClient\TCPClient.csproj", "{7605A4B7-0A36-4743-9592-A62E6926B6A0}"
EndProject
Project("{FAE04EC0-301F-11D3-BF4B-00C04F79EFBC}") = "TCPServer", "TCPServer\TCPServer.csproj", "{198DA933-B13A-4153-9E10-4DDEE3E0732F}"
EndProject
Global
	GlobalSection(SolutionConfigurationPlatforms) = preSolution
		Debug|Any CPU = Debug|Any CPU
		Release|Any CPU = Release|Any CPU
	EndGlobalSection
	GlobalSection(ProjectConfigurationPlatforms) = postSolution
		{28F3CFAF-A317-45C9-8576-6249AECEBF70}.Debug|Any CPU.ActiveCfg = Debug|Any CPU
		{28F3CFAF-A317-45C9-8576-6249AECEBF70}.Debug|Any CPU.Build.0 = Debug|Any CPU
		{28F3CFAF-A317-45C9-8576-6249AECEBF70}.Release|Any CPU.ActiveCfg = Release|Any CPU
		{28F3CFAF-A317-45C9-8576-6249AECEBF70}.Release|Any CPU.Build.0 = Release|Any CPU
		{B4BD33F0-57B1-447A-81F7-CC768276F3EF}.Debug|Any CPU.ActiveCfg = Debug|Any CPU
		{B4BD33F0-57B1-447A-81F7-CC768276F3EF}.Debug|Any CPU.Build.0 = Debug|Any CPU
		{B4BD33F0-57B1-447A-81F7-CC768276F3EF}.Release|Any CPU.ActiveCfg = Release|Any CPU
		{B4BD33F0-57B1-447A-81F7-CC768276F3EF}.Release|Any CPU.Build.0 = Release|Any CPU
		{7605A4B7-0A36-4743-9592-A62E6926B6A0}.Debug|Any CPU.ActiveCfg = Debug|Any CPU
		{7605A4B7-0A36-4743-9592-A62E6926B6A0}.Debug|Any CPU.Build.0 = Debug|Any CPU
		{7605A4B7-0A36-4743-9592-A62E6926B6A0}.Release|Any CPU.ActiveCfg = Release|Any CPU
		{7605A4B7-0A36-4743-9592-A62E6926B6A0}.Release|Any CPU.Build.0 = Release|Any CPU
		{198DA933-B13A-4153-9E10-4DDEE3E0732F}.Debug|Any CPU.ActiveCfg = Debug|Any CPU
		{198DA933-B13A-4153-9E10-4DDEE3E0732F}.Debug|Any CPU.Build.0 = Debug|Any CPU
		{198DA933-B13A-4153-9E10-4DDEE3E0732F}.Release|Any CPU.ActiveCfg = Release|Any CPU
		{198DA933-B13A-4153-9E10-4DDEE3E0732F}.Release|Any CPU.Build.0 = Release|Any CPU
	EndGlobalSection
	GlobalSection(SolutionProperties) = preSolution
		HideSolutionNode = FALSE
	EndGlobalSection
	GlobalSection(ExtensibilityGlobals) = postSolution
		SolutionGuid = {57BD716C-C0AE-4F9F-882A-AFC6979BFBEE}
	EndGlobalSection
EndGlobal
